
Microsoft Visual Studio Solution File, Format Version 12.00
# Visual Studio Version 16
VisualStudioVersion = 16.0.29920.165
MinimumVisualStudioVersion = 10.0.40219.1
Project("{FAE04EC0-301F-11D3-BF4B-00C04F79EFBC}") = "cw4-v3", "cw4-v3.csproj", "{CF801779-27D0-4B1E-A801-2FAB4B10D86D}"
EndProject
Global
	GlobalSection(SolutionConfigurationPlatforms) = preSolution
		Debug|Any CPU = Debug|Any CPU
		Release|Any CPU = Release|Any CPU
	EndGlobalSection
	GlobalSection(ProjectConfigurationPlatforms) = postSolution
		{CF801779-27D0-4B1E-A801-2FAB4B10D86D}.Debug|Any CPU.ActiveCfg = Debug|Any CPU
		{CF801779-27D0-4B1E-A801-2FAB4B10D86D}.Debug|Any CPU.Build.0 = Debug|Any CPU
		{CF801779-27D0-4B1E-A801-2FAB4B10D86D}.Release|Any CPU.ActiveCfg = Release|Any CPU
		{CF801779-27D0-4B1E-A801-2FAB4B10D86D}.Release|Any CPU.Build.0 = Release|Any CPU
	EndGlobalSection
	GlobalSection(SolutionProperties) = preSolution
		HideSolutionNode = FALSE
	EndGlobalSection
	GlobalSection(ExtensibilityGlobals) = postSolution
		SolutionGuid = {1A19520A-C3A7-4F9A-B3E0-06D0C8DB3312}
	EndGlobalSection
EndGlobal
